
Microsoft Visual Studio Solution File, Format Version 12.00
# Visual Studio Version 17
VisualStudioVersion = 17.1.32328.378
MinimumVisualStudioVersion = 10.0.40219.1
Project("{FAE04EC0-301F-11D3-BF4B-00C04F79EFBC}") = "DrawingStorage", "DrawingStorage.csproj", "{B5648C9D-E00E-4728-94C5-82A66B19067B}"
EndProject
Global
	GlobalSection(SolutionConfigurationPlatforms) = preSolution
		Debug|Any CPU = Debug|Any CPU
		Release|Any CPU = Release|Any CPU
	EndGlobalSection
	GlobalSection(ProjectConfigurationPlatforms) = postSolution
		{B5648C9D-E00E-4728-94C5-82A66B19067B}.Debug|Any CPU.ActiveCfg = Debug|Any CPU
		{B5648C9D-E00E-4728-94C5-82A66B19067B}.Debug|Any CPU.Build.0 = Debug|Any CPU
		{B5648C9D-E00E-4728-94C5-82A66B19067B}.Release|Any CPU.ActiveCfg = Release|Any CPU
		{B5648C9D-E00E-4728-94C5-82A66B19067B}.Release|Any CPU.Build.0 = Release|Any CPU
	EndGlobalSection
	GlobalSection(SolutionProperties) = preSolution
		HideSolutionNode = FALSE
	EndGlobalSection
	GlobalSection(ExtensibilityGlobals) = postSolution
		SolutionGuid = {1467126A-BB2D-48A0-84FE-D692AC4B3D44}
	EndGlobalSection
EndGlobal
